{
  "name": "Вент",
  "lockfileVersion": 3,
  "requires": true,
  "packages": {
    "": {
      "dependencies": {
        "@fontsource/libre-caslon-display": "^5.0.20"
      }
    },
    "node_modules/@fontsource/libre-caslon-display": {
      "version": "5.0.20",
      "resolved": "https://registry.npmjs.org/@fontsource/libre-caslon-display/-/libre-caslon-display-5.0.20.tgz",
      "integrity": "sha512-ckYbvIoBrgEYfUtEGXN32cOVEsDeuJOvvIL6Akefrh45AGYoNt7pYlMYN1//NqsqawZhohE8iaPpzWwjJQrZGw=="
    }
  }
}
